
Microsoft Visual Studio Solution File, Format Version 12.00
# Visual Studio Version 17
VisualStudioVersion = 17.0.31903.59
MinimumVisualStudioVersion = 10.0.40219.1
Project("{2150E333-8FDC-42A3-9474-1A3956D46DE8}") = "src", "src", "{F28A8DEA-7EB7-48AB-8F7B-30D06F865CE5}"
EndProject
Project("{FAE04EC0-301F-11D3-BF4B-00C04F79EFBC}") = "StatusMonitor.Core", "src\StatusMonitor.Core\StatusMonitor.Core.csproj", "{0B7DE5AE-A600-4A1C-A571-610BEF10402B}"
EndProject
Project("{FAE04EC0-301F-11D3-BF4B-00C04F79EFBC}") = "StatusMonitor.Functions", "src\StatusMonitor.Functions\StatusMonitor.Functions.csproj", "{2DB8FD81-9C7E-4BC0-9AC2-E106E84BC176}"
EndProject
Project("{2150E333-8FDC-42A3-9474-1A3956D46DE8}") = "tests", "tests", "{8AE23046-B08B-4ADE-BB69-2EB9B70DD8F9}"
EndProject
Project("{FAE04EC0-301F-11D3-BF4B-00C04F79EFBC}") = "StatusMonitor.Core.Tests", "tests\StatusMonitor.Core.Tests\StatusMonitor.Core.Tests.csproj", "{288A0AFD-882F-4913-B3C7-066E1701EBE3}"
EndProject
Global
	GlobalSection(SolutionConfigurationPlatforms) = preSolution
		Debug|Any CPU = Debug|Any CPU
		Release|Any CPU = Release|Any CPU
	EndGlobalSection
	GlobalSection(SolutionProperties) = preSolution
		HideSolutionNode = FALSE
	EndGlobalSection
	GlobalSection(ProjectConfigurationPlatforms) = postSolution
		{0B7DE5AE-A600-4A1C-A571-610BEF10402B}.Debug|Any CPU.ActiveCfg = Debug|Any CPU
		{0B7DE5AE-A600-4A1C-A571-610BEF10402B}.Debug|Any CPU.Build.0 = Debug|Any CPU
		{0B7DE5AE-A600-4A1C-A571-610BEF10402B}.Release|Any CPU.ActiveCfg = Release|Any CPU
		{0B7DE5AE-A600-4A1C-A571-610BEF10402B}.Release|Any CPU.Build.0 = Release|Any CPU
		{2DB8FD81-9C7E-4BC0-9AC2-E106E84BC176}.Debug|Any CPU.ActiveCfg = Debug|Any CPU
		{2DB8FD81-9C7E-4BC0-9AC2-E106E84BC176}.Debug|Any CPU.Build.0 = Debug|Any CPU
		{2DB8FD81-9C7E-4BC0-9AC2-E106E84BC176}.Release|Any CPU.ActiveCfg = Release|Any CPU
		{2DB8FD81-9C7E-4BC0-9AC2-E106E84BC176}.Release|Any CPU.Build.0 = Release|Any CPU
		{288A0AFD-882F-4913-B3C7-066E1701EBE3}.Debug|Any CPU.ActiveCfg = Debug|Any CPU
		{288A0AFD-882F-4913-B3C7-066E1701EBE3}.Debug|Any CPU.Build.0 = Debug|Any CPU
		{288A0AFD-882F-4913-B3C7-066E1701EBE3}.Release|Any CPU.ActiveCfg = Release|Any CPU
		{288A0AFD-882F-4913-B3C7-066E1701EBE3}.Release|Any CPU.Build.0 = Release|Any CPU
	EndGlobalSection
	GlobalSection(NestedProjects) = preSolution
		{0B7DE5AE-A600-4A1C-A571-610BEF10402B} = {F28A8DEA-7EB7-48AB-8F7B-30D06F865CE5}
		{2DB8FD81-9C7E-4BC0-9AC2-E106E84BC176} = {F28A8DEA-7EB7-48AB-8F7B-30D06F865CE5}
		{288A0AFD-882F-4913-B3C7-066E1701EBE3} = {8AE23046-B08B-4ADE-BB69-2EB9B70DD8F9}
	EndGlobalSection
EndGlobal
